
Microsoft Visual Studio Solution File, Format Version 12.00
# Visual Studio Version 17
VisualStudioVersion = 17.4.33122.133
MinimumVisualStudioVersion = 10.0.40219.1
Project("{FAE04EC0-301F-11D3-BF4B-00C04F79EFBC}") = "HelloAppTestV7", "HelloAppTestV7\HelloAppTestV7.csproj", "{7FE1A2F1-36FB-4B1A-8E59-FEBB3ECB186E}"
EndProject
Global
	GlobalSection(SolutionConfigurationPlatforms) = preSolution
		Debug|Any CPU = Debug|Any CPU
		Release|Any CPU = Release|Any CPU
	EndGlobalSection
	GlobalSection(ProjectConfigurationPlatforms) = postSolution
		{7FE1A2F1-36FB-4B1A-8E59-FEBB3ECB186E}.Debug|Any CPU.ActiveCfg = Debug|Any CPU
		{7FE1A2F1-36FB-4B1A-8E59-FEBB3ECB186E}.Debug|Any CPU.Build.0 = Debug|Any CPU
		{7FE1A2F1-36FB-4B1A-8E59-FEBB3ECB186E}.Release|Any CPU.ActiveCfg = Release|Any CPU
		{7FE1A2F1-36FB-4B1A-8E59-FEBB3ECB186E}.Release|Any CPU.Build.0 = Release|Any CPU
	EndGlobalSection
	GlobalSection(SolutionProperties) = preSolution
		HideSolutionNode = FALSE
	EndGlobalSection
	GlobalSection(ExtensibilityGlobals) = postSolution
		SolutionGuid = {21B72AC7-1E4D-41B3-A19A-A091311D01D1}
	EndGlobalSection
EndGlobal
